
Microsoft Visual Studio Solution File, Format Version 12.00
# Visual Studio Version 16
VisualStudioVersion = 16.0.31025.194
MinimumVisualStudioVersion = 10.0.40219.1
Project("{FAE04EC0-301F-11D3-BF4B-00C04F79EFBC}") = "HackerRank", "HackerRank.csproj", "{835474BC-DD79-4D2C-9B71-B25587814F34}"
EndProject
Global
	GlobalSection(SolutionConfigurationPlatforms) = preSolution
		Debug|Any CPU = Debug|Any CPU
		Release|Any CPU = Release|Any CPU
	EndGlobalSection
	GlobalSection(ProjectConfigurationPlatforms) = postSolution
		{835474BC-DD79-4D2C-9B71-B25587814F34}.Debug|Any CPU.ActiveCfg = Debug|Any CPU
		{835474BC-DD79-4D2C-9B71-B25587814F34}.Debug|Any CPU.Build.0 = Debug|Any CPU
		{835474BC-DD79-4D2C-9B71-B25587814F34}.Release|Any CPU.ActiveCfg = Release|Any CPU
		{835474BC-DD79-4D2C-9B71-B25587814F34}.Release|Any CPU.Build.0 = Release|Any CPU
	EndGlobalSection
	GlobalSection(SolutionProperties) = preSolution
		HideSolutionNode = FALSE
	EndGlobalSection
	GlobalSection(ExtensibilityGlobals) = postSolution
		SolutionGuid = {A291DE37-1685-438A-941A-6EBB3D96B20B}
	EndGlobalSection
EndGlobal
